{
  "name": "@graphprotocol/graph-ts",
  "version": "0.32.0",
  "lockfileVersion": 3,
  "requires": true,
  "packages": {
    "": {
      "name": "@graphprotocol/graph-ts",
      "version": "0.32.0",
      "dependencies": {
        "assemblyscript": "0.19.10",
        "google-protobuf": "^3.21.2"
      },
      "devDependencies": {
        "@types/google-protobuf": "^3.15.12"
      }
    },
    "../../node_modules/.pnpm/assemblyscript@0.19.10/node_modules/assemblyscript": {
      "version": "0.19.10",
      "license": "Apache-2.0",
      "dependencies": {
        "binaryen": "101.0.0-nightly.20210723",
        "long": "^4.0.0"
      },
      "bin": {
        "asc": "bin/asc",
        "asinit": "bin/asinit"
      },
      "funding": {
        "type": "opencollective",
        "url": "https://opencollective.com/assemblyscript"
      }
    },
    "node_modules/@types/google-protobuf": {
      "version": "3.15.12",
      "resolved": "https://registry.npmjs.org/@types/google-protobuf/-/google-protobuf-3.15.12.tgz",
      "integrity": "sha512-40um9QqwHjRS92qnOaDpL7RmDK15NuZYo9HihiJRbYkMQZlWnuH8AdvbMy8/o6lgLmKbDUKa+OALCltHdbOTpQ==",
      "dev": true
    },
    "node_modules/assemblyscript": {
      "resolved": "../../node_modules/.pnpm/assemblyscript@0.19.10/node_modules/assemblyscript",
      "link": true
    },
    "node_modules/google-protobuf": {
      "version": "3.21.2",
      "resolved": "https://registry.npmjs.org/google-protobuf/-/google-protobuf-3.21.2.tgz",
      "integrity": "sha512-3MSOYFO5U9mPGikIYCzK0SaThypfGgS6bHqrUGXG3DPHCrb+txNqeEcns1W0lkGfk0rCyNXm7xB9rMxnCiZOoA=="
    }
  }
}
